github.com/codegangsta/cli v1.20.0 h1:iX1FXEgwzd5+XN6wk5cVHOGQj6Q3Dcp20lUeS4lHNTw=
github.com/codegangsta/cli v1.20.0/go.mod h1:/qJNoX69yVSKu5o4jLyXAENLRyk1uhi7zkbQ3slBdOA=
github.com/mitchellh/go-homedir v1.0.0 h1:vKb8ShqSby24Yrqr/yDYkuFz8d0WUjys40rvnGC8aR0=
github.com/mitchellh/go-homedir v1.0.0/go.mod h1:SfyaCUpYCn1Vlf4IUYiD9fPX4A5wJrkLzIz1N1q0pr0=
